// !$*UTF8*$!
{
	archiveVersion = 1;
	classes = {
	};
	objectVersion = 50;
	objects = {

/* Begin PBXBuildFile section */
		07083A8C25B73D6F00C735F1 /* AppDelegate.swift in Sources */ = {isa = PBXBuildFile; fileRef = 07083A8B25B73D6F00C735F1 /* AppDelegate.swift */; };
		07083A8E25B73D6F00C735F1 /* SceneDelegate.swift in Sources */ = {isa = PBXBuildFile; fileRef = 07083A8D25B73D6F00C735F1 /* SceneDelegate.swift */; };
		07083A9025B73D6F00C735F1 /* ViewController.swift in Sources */ = {isa = PBXBuildFile; fileRef = 07083A8F25B73D6F00C735F1 /* ViewController.swift */; };
		07083A9325B73D6F00C735F1 /* Main.storyboard in Resources */ = {isa = PBXBuildFile; fileRef = 07083A9125B73D6F00C735F1 /* Main.storyboard */; };
		07083A9525B73D7200C735F1 /* Assets.xcassets in Resources */ = {isa = PBXBuildFile; fileRef = 07083A9425B73D7200C735F1 /* Assets.xcassets */; };
		07083A9825B73D7200C735F1 /* LaunchScreen.storyboard in Resources */ = {isa = PBXBuildFile; fileRef = 07083A9625B73D7200C735F1 /* LaunchScreen.storyboard */; };
		07083AA325B73D7200C735F1 /* chalkboard_birthday_trackerTests.swift in Sources */ = {isa = PBXBuildFile; fileRef = 07083AA225B73D7200C735F1 /* chalkboard_birthday_trackerTests.swift */; };
		07083AAE25B73D7200C735F1 /* chalkboard_birthday_trackerUITests.swift in Sources */ = {isa = PBXBuildFile; fileRef = 07083AAD25B73D7200C735F1 /* chalkboard_birthday_trackerUITests.swift */; };
		07083ABF25B73E7E00C735F1 /* README.md in Resources */ = {isa = PBXBuildFile; fileRef = 07083ABE25B73E7E00C735F1 /* README.md */; };
/* End PBXBuildFile section */

/* Begin PBXContainerItemProxy section */
		07083A9F25B73D7200C735F1 /* PBXContainerItemProxy */ = {
			isa = PBXContainerItemProxy;
			containerPortal = 07083A8025B73D6F00C735F1 /* Project object */;
			proxyType = 1;
			remoteGlobalIDString = 07083A8725B73D6F00C735F1;
			remoteInfo = "chalkboard-birthday-tracker";
		};
		07083AAA25B73D7200C735F1 /* PBXContainerItemProxy */ = {
			isa = PBXContainerItemProxy;
			containerPortal = 07083A8025B73D6F00C735F1 /* Project object */;
			proxyType = 1;
			remoteGlobalIDString = 07083A8725B73D6F00C735F1;
			remoteInfo = "chalkboard-birthday-tracker";
		};
/* End PBXContainerItemProxy section */

/* Begin PBXFileReference section */
		07083A8825B73D6F00C735F1 /* chalkboard-birthday-tracker.app */ = {isa = PBXFileReference; explicitFileType = wrapper.application; includeInIndex = 0; path = "chalkboard-birthday-tracker.app"; sourceTree = BUILT_PRODUCTS_DIR; };
		07083A8B25B73D6F00C735F1 /* AppDelegate.swift */ = {isa = PBXFileReference; lastKnownFileType = sourcecode.swift; path = AppDelegate.swift; sourceTree = "<group>"; };
		07083A8D25B73D6F00C735F1 /* SceneDelegate.swift */ = {isa = PBXFileReference; lastKnownFileType = sourcecode.swift; path = SceneDelegate.swift; sourceTree = "<group>"; };
		07083A8F25B73D6F00C735F1 /* ViewController.swift */ = {isa = PBXFileReference; lastKnownFileType = sourcecode.swift; path = ViewController.swift; sourceTree = "<group>"; };
		07083A9225B73D6F00C735F1 /* Base */ = {isa = PBXFileReference; lastKnownFileType = file.storyboard; name = Base; path = Base.lproj/Main.storyboard; sourceTree = "<group>"; };
		07083A9425B73D7200C735F1 /* Assets.xcassets */ = {isa = PBXFileReference; lastKnownFileType = folder.assetcatalog; path = Assets.xcassets; sourceTree = "<group>"; };
		07083A9725B73D7200C735F1 /* Base */ = {isa = PBXFileReference; lastKnownFileType = file.storyboard; name = Base; path = Base.lproj/LaunchScreen.storyboard; sourceTree = "<group>"; };
		07083A9925B73D7200C735F1 /* Info.plist */ = {isa = PBXFileReference; lastKnownFileType = text.plist.xml; path = Info.plist; sourceTree = "<group>"; };
		07083A9E25B73D7200C735F1 /* chalkboard-birthday-trackerTests.xctest */ = {isa = PBXFileReference; explicitFileType = wrapper.cfbundle; includeInIndex = 0; path = "chalkboard-birthday-trackerTests.xctest"; sourceTree = BUILT_PRODUCTS_DIR; };
		07083AA225B73D7200C735F1 /* chalkboard_birthday_trackerTests.swift */ = {isa = PBXFileReference; lastKnownFileType = sourcecode.swift; path = chalkboard_birthday_trackerTests.swift; sourceTree = "<group>"; };
		07083AA425B73D7200C735F1 /* Info.plist */ = {isa = PBXFileReference; lastKnownFileType = text.plist.xml; path = Info.plist; sourceTree = "<group>"; };
		07083AA925B73D7200C735F1 /* chalkboard-birthday-trackerUITests.xctest */ = {isa = PBXFileReference; explicitFileType = wrapper.cfbundle; includeInIndex = 0; path = "chalkboard-birthday-trackerUITests.xctest"; sourceTree = BUILT_PRODUCTS_DIR; };
		07083AAD25B73D7200C735F1 /* chalkboard_birthday_trackerUITests.swift */ = {isa = PBXFileReference; lastKnownFileType = sourcecode.swift; path = chalkboard_birthday_trackerUITests.swift; sourceTree = "<group>"; };
		07083AAF25B73D7200C735F1 /* Info.plist */ = {isa = PBXFileReference; lastKnownFileType = text.plist.xml; path = Info.plist; sourceTree = "<group>"; };
		07083ABE25B73E7E00C735F1 /* README.md */ = {isa = PBXFileReference; lastKnownFileType = net.daringfireball.markdown; path = README.md; sourceTree = "<group>"; };
/* End PBXFileReference section */

/* Begin PBXFrameworksBuildPhase section */
		07083A8525B73D6F00C735F1 /* Frameworks */ = {
			isa = PBXFrameworksBuildPhase;
			buildActionMask = 2147483647;
			files = (
			);
			runOnlyForDeploymentPostprocessing = 0;
		};
		07083A9B25B73D7200C735F1 /* Frameworks */ = {
			isa = PBXFrameworksBuildPhase;
			buildActionMask = 2147483647;
			files = (
			);
			runOnlyForDeploymentPostprocessing = 0;
		};
		07083AA625B73D7200C735F1 /* Frameworks */ = {
			isa = PBXFrameworksBuildPhase;
			buildActionMask = 2147483647;
			files = (
			);
			runOnlyForDeploymentPostprocessing = 0;
		};
/* End PBXFrameworksBuildPhase section */

/* Begin PBXGroup section */
		07083A7F25B73D6F00C735F1 = {
			isa = PBXGroup;
			children = (
				07083ABE25B73E7E00C735F1 /* README.md */,
				07083A8A25B73D6F00C735F1 /* chalkboard-birthday-tracker */,
				07083AA125B73D7200C735F1 /* chalkboard-birthday-trackerTests */,
				07083AAC25B73D7200C735F1 /* chalkboard-birthday-trackerUITests */,
				07083A8925B73D6F00C735F1 /* Products */,
			);
			sourceTree = "<group>";
		};
		07083A8925B73D6F00C735F1 /* Products */ = {
			isa = PBXGroup;
			children = (
				07083A8825B73D6F00C735F1 /* chalkboard-birthday-tracker.app */,
				07083A9E25B73D7200C735F1 /* chalkboard-birthday-trackerTests.xctest */,
				07083AA925B73D7200C735F1 /* chalkboard-birthday-trackerUITests.xctest */,
			);
			name = Products;
			sourceTree = "<group>";
		};
		07083A8A25B73D6F00C735F1 /* chalkboard-birthday-tracker */ = {
			isa = PBXGroup;
			children = (
				07083A8B25B73D6F00C735F1 /* AppDelegate.swift */,
				07083A8D25B73D6F00C735F1 /* SceneDelegate.swift */,
				07083A8F25B73D6F00C735F1 /* ViewController.swift */,
				07083A9125B73D6F00C735F1 /* Main.storyboard */,
				07083A9425B73D7200C735F1 /* Assets.xcassets */,
				07083A9625B73D7200C735F1 /* LaunchScreen.storyboard */,
				07083A9925B73D7200C735F1 /* Info.plist */,
			);
			path = "chalkboard-birthday-tracker";
			sourceTree = "<group>";
		};
		07083AA125B73D7200C735F1 /* chalkboard-birthday-trackerTests */ = {
			isa = PBXGroup;
			children = (
				07083AA225B73D7200C735F1 /* chalkboard_birthday_trackerTests.swift */,
				07083AA425B73D7200C735F1 /* Info.plist */,
			);
			path = "chalkboard-birthday-trackerTests";
			sourceTree = "<group>";
		};
		07083AAC25B73D7200C735F1 /* chalkboard-birthday-trackerUITests */ = {
			isa = PBXGroup;
			children = (
				07083AAD25B73D7200C735F1 /* chalkboard_birthday_trackerUITests.swift */,
				07083AAF25B73D7200C735F1 /* Info.plist */,
			);
			path = "chalkboard-birthday-trackerUITests";
			sourceTree = "<group>";
		};
/* End PBXGroup section */

/* Begin PBXNativeTarget section */
		07083A8725B73D6F00C735F1 /* chalkboard-birthday-tracker */ = {
			isa = PBXNativeTarget;
			buildConfigurationList = 07083AB225B73D7200C735F1 /* Build configuration list for PBXNativeTarget "chalkboard-birthday-tracker" */;
			buildPhases = (
				07083A8425B73D6F00C735F1 /* Sources */,
				07083A8525B73D6F00C735F1 /* Frameworks */,
				07083A8625B73D6F00C735F1 /* Resources */,
			);
			buildRules = (
			);
			dependencies = (
			);
			name = "chalkboard-birthday-tracker";
			productName = "chalkboard-birthday-tracker";
			productReference = 07083A8825B73D6F00C735F1 /* chalkboard-birthday-tracker.app */;
			productType = "com.apple.product-type.application";
		};
		07083A9D25B73D7200C735F1 /* chalkboard-birthday-trackerTests */ = {
			isa = PBXNativeTarget;
			buildConfigurationList = 07083AB525B73D7200C735F1 /* Build configuration list for PBXNativeTarget "chalkboard-birthday-trackerTests" */;
			buildPhases = (
				07083A9A25B73D7200C735F1 /* Sources */,
				07083A9B25B73D7200C735F1 /* Frameworks */,
				07083A9C25B73D7200C735F1 /* Resources */,
			);
			buildRules = (
			);
			dependencies = (
				07083AA025B73D7200C735F1 /* PBXTargetDependency */,
			);
			name = "chalkboard-birthday-trackerTests";
			productName = "chalkboard-birthday-trackerTests";
			productReference = 07083A9E25B73D7200C735F1 /* chalkboard-birthday-trackerTests.xctest */;
			productType = "com.apple.product-type.bundle.unit-test";
		};
		07083AA825B73D7200C735F1 /* chalkboard-birthday-trackerUITests */ = {
			isa = PBXNativeTarget;
			buildConfigurationList = 07083AB825B73D7200C735F1 /* Build configuration list for PBXNativeTarget "chalkboard-birthday-trackerUITests" */;
			buildPhases = (
				07083AA525B73D7200C735F1 /* Sources */,
				07083AA625B73D7200C735F1 /* Frameworks */,
				07083AA725B73D7200C735F1 /* Resources */,
			);
			buildRules = (
			);
			dependencies = (
				07083AAB25B73D7200C735F1 /* PBXTargetDependency */,
			);
			name = "chalkboard-birthday-trackerUITests";
			productName = "chalkboard-birthday-trackerUITests";
			productReference = 07083AA925B73D7200C735F1 /* chalkboard-birthday-trackerUITests.xctest */;
			productType = "com.apple.product-type.bundle.ui-testing";
		};
/* End PBXNativeTarget section */

/* Begin PBXProject section */
		07083A8025B73D6F00C735F1 /* Project object */ = {
			isa = PBXProject;
			attributes = {
				LastSwiftUpdateCheck = 1210;
				LastUpgradeCheck = 1210;
				TargetAttributes = {
					07083A8725B73D6F00C735F1 = {
						CreatedOnToolsVersion = 12.1;
					};
					07083A9D25B73D7200C735F1 = {
						CreatedOnToolsVersion = 12.1;
						TestTargetID = 07083A8725B73D6F00C735F1;
					};
					07083AA825B73D7200C735F1 = {
						CreatedOnToolsVersion = 12.1;
						TestTargetID = 07083A8725B73D6F00C735F1;
					};
				};
			};
			buildConfigurationList = 07083A8325B73D6F00C735F1 /* Build configuration list for PBXProject "chalkboard-birthday-tracker" */;
			compatibilityVersion = "Xcode 9.3";
			developmentRegion = en;
			hasScannedForEncodings = 0;
			knownRegions = (
				en,
				Base,
			);
			mainGroup = 07083A7F25B73D6F00C735F1;
			productRefGroup = 07083A8925B73D6F00C735F1 /* Products */;
			projectDirPath = "";
			projectRoot = "";
			targets = (
				07083A8725B73D6F00C735F1 /* chalkboard-birthday-tracker */,
				07083A9D25B73D7200C735F1 /* chalkboard-birthday-trackerTests */,
				07083AA825B73D7200C735F1 /* chalkboard-birthday-trackerUITests */,
			);
		};
/* End PBXProject section */

/* Begin PBXResourcesBuildPhase section */
		07083A8625B73D6F00C735F1 /* Resources */ = {
			isa = PBXResourcesBuildPhase;
			buildActionMask = 2147483647;
			files = (
				07083A9825B73D7200C735F1 /* LaunchScreen.storyboard in Resources */,
				07083A9525B73D7200C735F1 /* Assets.xcassets in Resources */,
				07083ABF25B73E7E00C735F1 /* README.md in Resources */,
				07083A9325B73D6F00C735F1 /* Main.storyboard in Resources */,
			);
			runOnlyForDeploymentPostprocessing = 0;
		};
		07083A9C25B73D7200C735F1 /* Resources */ = {
			isa = PBXResourcesBuildPhase;
			buildActionMask = 2147483647;
			files = (
			);
			runOnlyForDeploymentPostprocessing = 0;
		};
		07083AA725B73D7200C735F1 /* Resources */ = {
			isa = PBXResourcesBuildPhase;
			buildActionMask = 2147483647;
			files = (
			);
			runOnlyForDeploymentPostprocessing = 0;
		};
/* End PBXResourcesBuildPhase section */

/* Begin PBXSourcesBuildPhase section */
		07083A8425B73D6F00C735F1 /* Sources */ = {
			isa = PBXSourcesBuildPhase;
			buildActionMask = 2147483647;
			files = (
				07083A9025B73D6F00C735F1 /* ViewController.swift in Sources */,
				07083A8C25B73D6F00C735F1 /* AppDelegate.swift in Sources */,
				07083A8E25B73D6F00C735F1 /* SceneDelegate.swift in Sources */,
			);
			runOnlyForDeploymentPostprocessing = 0;
		};
		07083A9A25B73D7200C735F1 /* Sources */ = {
			isa = PBXSourcesBuildPhase;
			buildActionMask = 2147483647;
			files = (
				07083AA325B73D7200C735F1 /* chalkboard_birthday_trackerTests.swift in Sources */,
			);
			runOnlyForDeploymentPostprocessing = 0;
		};
		07083AA525B73D7200C735F1 /* Sources */ = {
			isa = PBXSourcesBuildPhase;
			buildActionMask = 2147483647;
			files = (
				07083AAE25B73D7200C735F1 /* chalkboard_birthday_trackerUITests.swift in Sources */,
			);
			runOnlyForDeploymentPostprocessing = 0;
		};
/* End PBXSourcesBuildPhase section */

/* Begin PBXTargetDependency section */
		07083AA025B73D7200C735F1 /* PBXTargetDependency */ = {
			isa = PBXTargetDependency;
			target = 07083A8725B73D6F00C735F1 /* chalkboard-birthday-tracker */;
			targetProxy = 07083A9F25B73D7200C735F1 /* PBXContainerItemProxy */;
		};
		07083AAB25B73D7200C735F1 /* PBXTargetDependency */ = {
			isa = PBXTargetDependency;
			target = 07083A8725B73D6F00C735F1 /* chalkboard-birthday-tracker */;
			targetProxy = 07083AAA25B73D7200C735F1 /* PBXContainerItemProxy */;
		};
/* End PBXTargetDependency section */

/* Begin PBXVariantGroup section */
		07083A9125B73D6F00C735F1 /* Main.storyboard */ = {
			isa = PBXVariantGroup;
			children = (
				07083A9225B73D6F00C735F1 /* Base */,
			);
			name = Main.storyboard;
			sourceTree = "<group>";
		};
		07083A9625B73D7200C735F1 /* LaunchScreen.storyboard */ = {
			isa = PBXVariantGroup;
			children = (
				07083A9725B73D7200C735F1 /* Base */,
			);
			name = LaunchScreen.storyboard;
			sourceTree = "<group>";
		};
/* End PBXVariantGroup section */

/* Begin XCBuildConfiguration section */
		07083AB025B73D7200C735F1 /* Debug */ = {
			isa = XCBuildConfiguration;
			buildSettings = {
				ALWAYS_SEARCH_USER_PATHS = NO;
				CLANG_ANALYZER_NONNULL = YES;
				CLANG_ANALYZER_NUMBER_OBJECT_CONVERSION = YES_AGGRESSIVE;
				CLANG_CXX_LANGUAGE_STANDARD = "gnu++14";
				CLANG_CXX_LIBRARY = "libc++";
				CLANG_ENABLE_MODULES = YES;
				CLANG_ENABLE_OBJC_ARC = YES;
				CLANG_ENABLE_OBJC_WEAK = YES;
				CLANG_WARN_BLOCK_CAPTURE_AUTORELEASING = YES;
				CLANG_WARN_BOOL_CONVERSION = YES;
				CLANG_WARN_COMMA = YES;
				CLANG_WARN_CONSTANT_CONVERSION = YES;
				CLANG_WARN_DEPRECATED_OBJC_IMPLEMENTATIONS = YES;
				CLANG_WARN_DIRECT_OBJC_ISA_USAGE = YES_ERROR;
				CLANG_WARN_DOCUMENTATION_COMMENTS = YES;
				CLANG_WARN_EMPTY_BODY = YES;
				CLANG_WARN_ENUM_CONVERSION = YES;
				CLANG_WARN_INFINITE_RECURSION = YES;
				CLANG_WARN_INT_CONVERSION = YES;
				CLANG_WARN_NON_LITERAL_NULL_CONVERSION = YES;
				CLANG_WARN_OBJC_IMPLICIT_RETAIN_SELF = YES;
				CLANG_WARN_OBJC_LITERAL_CONVERSION = YES;
				CLANG_WARN_OBJC_ROOT_CLASS = YES_ERROR;
				CLANG_WARN_QUOTED_INCLUDE_IN_FRAMEWORK_HEADER = YES;
				CLANG_WARN_RANGE_LOOP_ANALYSIS = YES;
				CLANG_WARN_STRICT_PROTOTYPES = YES;
				CLANG_WARN_SUSPICIOUS_MOVE = YES;
				CLANG_WARN_UNGUARDED_AVAILABILITY = YES_AGGRESSIVE;
				CLANG_WARN_UNREACHABLE_CODE = YES;
				CLANG_WARN__DUPLICATE_METHOD_MATCH = YES;
				COPY_PHASE_STRIP = NO;
				DEBUG_INFORMATION_FORMAT = dwarf;
				ENABLE_STRICT_OBJC_MSGSEND = YES;
				ENABLE_TESTABILITY = YES;
				GCC_C_LANGUAGE_STANDARD = gnu11;
				GCC_DYNAMIC_NO_PIC = NO;
				GCC_NO_COMMON_BLOCKS = YES;
				GCC_OPTIMIZATION_LEVEL = 0;
				GCC_PREPROCESSOR_DEFINITIONS = (
					"DEBUG=1",
					"$(inherited)",
				);
				GCC_WARN_64_TO_32_BIT_CONVERSION = YES;
				GCC_WARN_ABOUT_RETURN_TYPE = YES_ERROR;
				GCC_WARN_UNDECLARED_SELECTOR = YES;
				GCC_WARN_UNINITIALIZED_AUTOS = YES_AGGRESSIVE;
				GCC_WARN_UNUSED_FUNCTION = YES;
				GCC_WARN_UNUSED_VARIABLE = YES;
				IPHONEOS_DEPLOYMENT_TARGET = 14.1;
				MTL_ENABLE_DEBUG_INFO = INCLUDE_SOURCE;
				MTL_FAST_MATH = YES;
				ONLY_ACTIVE_ARCH = YES;
				SDKROOT = iphoneos;
				SWIFT_ACTIVE_COMPILATION_CONDITIONS = DEBUG;
				SWIFT_OPTIMIZATION_LEVEL = "-Onone";
			};
			name = Debug;
		};
		07083AB125B73D7200C735F1 /* Release */ = {
			isa = XCBuildConfiguration;
			buildSettings = {
				ALWAYS_SEARCH_USER_PATHS = NO;
				CLANG_ANALYZER_NONNULL = YES;
				CLANG_ANALYZER_NUMBER_OBJECT_CONVERSION = YES_AGGRESSIVE;
				CLANG_CXX_LANGUAGE_STANDARD = "gnu++14";
				CLANG_CXX_LIBRARY = "libc++";
				CLANG_ENABLE_MODULES = YES;
				CLANG_ENABLE_OBJC_ARC = YES;
				CLANG_ENABLE_OBJC_WEAK = YES;
				CLANG_WARN_BLOCK_CAPTURE_AUTORELEASING = YES;
				CLANG_WARN_BOOL_CONVERSION = YES;
				CLANG_WARN_COMMA = YES;
				CLANG_WARN_CONSTANT_CONVERSION = YES;
				CLANG_WARN_DEPRECATED_OBJC_IMPLEMENTATIONS = YES;
				CLANG_WARN_DIRECT_OBJC_ISA_USAGE = YES_ERROR;
				CLANG_WARN_DOCUMENTATION_COMMENTS = YES;
				CLANG_WARN_EMPTY_BODY = YES;
				CLANG_WARN_ENUM_CONVERSION = YES;
				CLANG_WARN_INFINITE_RECURSION = YES;
				CLANG_WARN_INT_CONVERSION = YES;
				CLANG_WARN_NON_LITERAL_NULL_CONVERSION = YES;
				CLANG_WARN_OBJC_IMPLICIT_RETAIN_SELF = YES;
				CLANG_WARN_OBJC_LITERAL_CONVERSION = YES;
				CLANG_WARN_OBJC_ROOT_CLASS = YES_ERROR;
				CLANG_WARN_QUOTED_INCLUDE_IN_FRAMEWORK_HEADER = YES;
				CLANG_WARN_RANGE_LOOP_ANALYSIS = YES;
				CLANG_WARN_STRICT_PROTOTYPES = YES;
				CLANG_WARN_SUSPICIOUS_MOVE = YES;
				CLANG_WARN_UNGUARDED_AVAILABILITY = YES_AGGRESSIVE;
				CLANG_WARN_UNREACHABLE_CODE = YES;
				CLANG_WARN__DUPLICATE_METHOD_MATCH = YES;
				COPY_PHASE_STRIP = NO;
				DEBUG_INFORMATION_FORMAT = "dwarf-with-dsym";
				ENABLE_NS_ASSERTIONS = NO;
				ENABLE_STRICT_OBJC_MSGSEND = YES;
				GCC_C_LANGUAGE_STANDARD = gnu11;
				GCC_NO_COMMON_BLOCKS = YES;
				GCC_WARN_64_TO_32_BIT_CONVERSION = YES;
				GCC_WARN_ABOUT_RETURN_TYPE = YES_ERROR;
				GCC_WARN_UNDECLARED_SELECTOR = YES;
				GCC_WARN_UNINITIALIZED_AUTOS = YES_AGGRESSIVE;
				GCC_WARN_UNUSED_FUNCTION = YES;
				GCC_WARN_UNUSED_VARIABLE = YES;
				IPHONEOS_DEPLOYMENT_TARGET = 14.1;
				MTL_ENABLE_DEBUG_INFO = NO;
				MTL_FAST_MATH = YES;
				SDKROOT = iphoneos;
				SWIFT_COMPILATION_MODE = wholemodule;
				SWIFT_OPTIMIZATION_LEVEL = "-O";
				VALIDATE_PRODUCT = YES;
			};
			name = Release;
		};
		07083AB325B73D7200C735F1 /* Debug */ = {
			isa = XCBuildConfiguration;
			buildSettings = {
				ASSETCATALOG_COMPILER_APPICON_NAME = AppIcon;
				ASSETCATALOG_COMPILER_GLOBAL_ACCENT_COLOR_NAME = AccentColor;
				CODE_SIGN_STYLE = Automatic;
				DEVELOPMENT_TEAM = UXY7GXJWTF;
				INFOPLIST_FILE = "chalkboard-birthday-tracker/Info.plist";
				LD_RUNPATH_SEARCH_PATHS = (
					"$(inherited)",
					"@executable_path/Frameworks",
				);
				PRODUCT_BUNDLE_IDENTIFIER = "ASTHA.chalkboard-birthday-tracker";
				PRODUCT_NAME = "$(TARGET_NAME)";
				SWIFT_VERSION = 5.0;
				TARGETED_DEVICE_FAMILY = "1,2";
			};
			name = Debug;
		};
		07083AB425B73D7200C735F1 /* Release */ = {
			isa = XCBuildConfiguration;
			buildSettings = {
				ASSETCATALOG_COMPILER_APPICON_NAME = AppIcon;
				ASSETCATALOG_COMPILER_GLOBAL_ACCENT_COLOR_NAME = AccentColor;
				CODE_SIGN_STYLE = Automatic;
				DEVELOPMENT_TEAM = UXY7GXJWTF;
				INFOPLIST_FILE = "chalkboard-birthday-tracker/Info.plist";
				LD_RUNPATH_SEARCH_PATHS = (
					"$(inherited)",
					"@executable_path/Frameworks",
				);
				PRODUCT_BUNDLE_IDENTIFIER = "ASTHA.chalkboard-birthday-tracker";
				PRODUCT_NAME = "$(TARGET_NAME)";
				SWIFT_VERSION = 5.0;
				TARGETED_DEVICE_FAMILY = "1,2";
			};
			name = Release;
		};
		07083AB625B73D7200C735F1 /* Debug */ = {
			isa = XCBuildConfiguration;
			buildSettings = {
				ALWAYS_EMBED_SWIFT_STANDARD_LIBRARIES = YES;
				BUNDLE_LOADER = "$(TEST_HOST)";
				CODE_SIGN_STYLE = Automatic;
				DEVELOPMENT_TEAM = UXY7GXJWTF;
				INFOPLIST_FILE = "chalkboard-birthday-trackerTests/Info.plist";
				IPHONEOS_DEPLOYMENT_TARGET = 14.1;
				LD_RUNPATH_SEARCH_PATHS = (
					"$(inherited)",
					"@executable_path/Frameworks",
					"@loader_path/Frameworks",
				);
				PRODUCT_BUNDLE_IDENTIFIER = "ASTHA.chalkboard-birthday-trackerTests";
				PRODUCT_NAME = "$(TARGET_NAME)";
				SWIFT_VERSION = 5.0;
				TARGETED_DEVICE_FAMILY = "1,2";
				TEST_HOST = "$(BUILT_PRODUCTS_DIR)/chalkboard-birthday-tracker.app/chalkboard-birthday-tracker";
			};
			name = Debug;
		};
		07083AB725B73D7200C735F1 /* Release */ = {
			isa = XCBuildConfiguration;
			buildSettings = {
				ALWAYS_EMBED_SWIFT_STANDARD_LIBRARIES = YES;
				BUNDLE_LOADER = "$(TEST_HOST)";
				CODE_SIGN_STYLE = Automatic;
				DEVELOPMENT_TEAM = UXY7GXJWTF;
				INFOPLIST_FILE = "chalkboard-birthday-trackerTests/Info.plist";
				IPHONEOS_DEPLOYMENT_TARGET = 14.1;
				LD_RUNPATH_SEARCH_PATHS = (
					"$(inherited)",
					"@executable_path/Frameworks",
					"@loader_path/Frameworks",
				);
				PRODUCT_BUNDLE_IDENTIFIER = "ASTHA.chalkboard-birthday-trackerTests";
				PRODUCT_NAME = "$(TARGET_NAME)";
				SWIFT_VERSION = 5.0;
				TARGETED_DEVICE_FAMILY = "1,2";
				TEST_HOST = "$(BUILT_PRODUCTS_DIR)/chalkboard-birthday-tracker.app/chalkboard-birthday-tracker";
			};
			name = Release;
		};
		07083AB925B73D7200C735F1 /* Debug */ = {
			isa = XCBuildConfiguration;
			buildSettings = {
				ALWAYS_EMBED_SWIFT_STANDARD_LIBRARIES = YES;
				CODE_SIGN_STYLE = Automatic;
				DEVELOPMENT_TEAM = UXY7GXJWTF;
				INFOPLIST_FILE = "chalkboard-birthday-trackerUITests/Info.plist";
				LD_RUNPATH_SEARCH_PATHS = (
					"$(inherited)",
					"@executable_path/Frameworks",
					"@loader_path/Frameworks",
				);
				PRODUCT_BUNDLE_IDENTIFIER = "ASTHA.chalkboard-birthday-trackerUITests";
				PRODUCT_NAME = "$(TARGET_NAME)";
				SWIFT_VERSION = 5.0;
				TARGETED_DEVICE_FAMILY = "1,2";
				TEST_TARGET_NAME = "chalkboard-birthday-tracker";
			};
			name = Debug;
		};
		07083ABA25B73D7200C735F1 /* Release */ = {
			isa = XCBuildConfiguration;
			buildSettings = {
				ALWAYS_EMBED_SWIFT_STANDARD_LIBRARIES = YES;
				CODE_SIGN_STYLE = Automatic;
				DEVELOPMENT_TEAM = UXY7GXJWTF;
				INFOPLIST_FILE = "chalkboard-birthday-trackerUITests/Info.plist";
				LD_RUNPATH_SEARCH_PATHS = (
					"$(inherited)",
					"@executable_path/Frameworks",
					"@loader_path/Frameworks",
				);
				PRODUCT_BUNDLE_IDENTIFIER = "ASTHA.chalkboard-birthday-trackerUITests";
				PRODUCT_NAME = "$(TARGET_NAME)";
				SWIFT_VERSION = 5.0;
				TARGETED_DEVICE_FAMILY = "1,2";
				TEST_TARGET_NAME = "chalkboard-birthday-tracker";
			};
			name = Release;
		};
/* End XCBuildConfiguration section */

/* Begin XCConfigurationList section */
		07083A8325B73D6F00C735F1 /* Build configuration list for PBXProject "chalkboard-birthday-tracker" */ = {
			isa = XCConfigurationList;
			buildConfigurations = (
				07083AB025B73D7200C735F1 /* Debug */,
				07083AB125B73D7200C735F1 /* Release */,
			);
			defaultConfigurationIsVisible = 0;
			defaultConfigurationName = Release;
		};
		07083AB225B73D7200C735F1 /* Build configuration list for PBXNativeTarget "chalkboard-birthday-tracker" */ = {
			isa = XCConfigurationList;
			buildConfigurations = (
				07083AB325B73D7200C735F1 /* Debug */,
				07083AB425B73D7200C735F1 /* Release */,
			);
			defaultConfigurationIsVisible = 0;
			defaultConfigurationName = Release;
		};
		07083AB525B73D7200C735F1 /* Build configuration list for PBXNativeTarget "chalkboard-birthday-trackerTests" */ = {
			isa = XCConfigurationList;
			buildConfigurations = (
				07083AB625B73D7200C735F1 /* Debug */,
				07083AB725B73D7200C735F1 /* Release */,
			);
			defaultConfigurationIsVisible = 0;
			defaultConfigurationName = Release;
		};
		07083AB825B73D7200C735F1 /* Build configuration list for PBXNativeTarget "chalkboard-birthday-trackerUITests" */ = {
			isa = XCConfigurationList;
			buildConfigurations = (
				07083AB925B73D7200C735F1 /* Debug */,
				07083ABA25B73D7200C735F1 /* Release */,
			);
			defaultConfigurationIsVisible = 0;
			defaultConfigurationName = Release;
		};
/* End XCConfigurationList section */
	};
	rootObject = 07083A8025B73D6F00C735F1 /* Project object */;
}
